
Microsoft Visual Studio Solution File, Format Version 12.00
# Visual Studio 15
VisualStudioVersion = 15.0.28010.2016
MinimumVisualStudioVersion = 10.0.40219.1
Project("{FAE04EC0-301F-11D3-BF4B-00C04F79EFBC}") = "DeltaShell.Plugins.TypologyLookup", "DeltaShell.Plugins.TypologyLookup\DeltaShell.Plugins.TypologyLookup.csproj", "{D08F6AB6-E205-459C-884C-373DC34F50D5}"
EndProject
Global
	GlobalSection(SolutionConfigurationPlatforms) = preSolution
		Debug|Any CPU = Debug|Any CPU
		Release|Any CPU = Release|Any CPU
	EndGlobalSection
	GlobalSection(ProjectConfigurationPlatforms) = postSolution
		{D08F6AB6-E205-459C-884C-373DC34F50D5}.Debug|Any CPU.ActiveCfg = Debug|Any CPU
		{D08F6AB6-E205-459C-884C-373DC34F50D5}.Debug|Any CPU.Build.0 = Debug|Any CPU
		{D08F6AB6-E205-459C-884C-373DC34F50D5}.Release|Any CPU.ActiveCfg = Release|Any CPU
		{D08F6AB6-E205-459C-884C-373DC34F50D5}.Release|Any CPU.Build.0 = Release|Any CPU
	EndGlobalSection
	GlobalSection(SolutionProperties) = preSolution
		HideSolutionNode = FALSE
	EndGlobalSection
	GlobalSection(ExtensibilityGlobals) = postSolution
		SolutionGuid = {67C9D495-A10C-4D05-A310-F8247C343F88}
	EndGlobalSection
EndGlobal
