
Microsoft Visual Studio Solution File, Format Version 12.00
# Visual Studio 15
VisualStudioVersion = 15.0.28307.705
MinimumVisualStudioVersion = 10.0.40219.1
Project("{FAE04EC0-301F-11D3-BF4B-00C04F79EFBC}") = "ApsimWeatherConverter", "ApsimWeatherConverter\ApsimWeatherConverter.csproj", "{EEEDB3E9-5D8D-480A-9BB3-9AD0F64A4039}"
EndProject
Project("{FAE04EC0-301F-11D3-BF4B-00C04F79EFBC}") = "TestWeatherConverter", "TestWeatherConverter\TestWeatherConverter.csproj", "{9CD9CA98-E38F-4892-9736-232F8DA581D2}"
EndProject
Global
	GlobalSection(SolutionConfigurationPlatforms) = preSolution
		Debug|Any CPU = Debug|Any CPU
		Release|Any CPU = Release|Any CPU
	EndGlobalSection
	GlobalSection(ProjectConfigurationPlatforms) = postSolution
		{EEEDB3E9-5D8D-480A-9BB3-9AD0F64A4039}.Debug|Any CPU.ActiveCfg = Debug|Any CPU
		{EEEDB3E9-5D8D-480A-9BB3-9AD0F64A4039}.Debug|Any CPU.Build.0 = Debug|Any CPU
		{EEEDB3E9-5D8D-480A-9BB3-9AD0F64A4039}.Release|Any CPU.ActiveCfg = Release|Any CPU
		{EEEDB3E9-5D8D-480A-9BB3-9AD0F64A4039}.Release|Any CPU.Build.0 = Release|Any CPU
		{9CD9CA98-E38F-4892-9736-232F8DA581D2}.Debug|Any CPU.ActiveCfg = Debug|Any CPU
		{9CD9CA98-E38F-4892-9736-232F8DA581D2}.Debug|Any CPU.Build.0 = Debug|Any CPU
		{9CD9CA98-E38F-4892-9736-232F8DA581D2}.Release|Any CPU.ActiveCfg = Release|Any CPU
		{9CD9CA98-E38F-4892-9736-232F8DA581D2}.Release|Any CPU.Build.0 = Release|Any CPU
	EndGlobalSection
	GlobalSection(SolutionProperties) = preSolution
		HideSolutionNode = FALSE
	EndGlobalSection
	GlobalSection(ExtensibilityGlobals) = postSolution
		SolutionGuid = {16F83737-3BE6-43AC-8267-955CC0E95E30}
	EndGlobalSection
EndGlobal
