
Microsoft Visual Studio Solution File, Format Version 12.00
# Visual Studio 15
VisualStudioVersion = 15.0.28307.757
MinimumVisualStudioVersion = 10.0.40219.1
Project("{8BC9CEB8-8B4A-11D0-8D11-00A0C91BC942}") = "GroundwaterBMI", "GroundwaterBMI\GroundwaterBMI.vcxproj", "{E73F94E0-FE5D-4691-8C66-CE74065CB574}"
EndProject
Project("{2150E333-8FDC-42A3-9474-1A3956D46DE8}") = "Solution Items", "Solution Items", "{9F68D542-4E8A-4B67-9891-E59738B50D80}"
	ProjectSection(SolutionItems) = preProject
		misc\aparima.yaml = misc\aparima.yaml
		README.md = README.md
	EndProjectSection
EndProject
Global
	GlobalSection(SolutionConfigurationPlatforms) = preSolution
		Debug|x64 = Debug|x64
		Debug|x86 = Debug|x86
		Release|x64 = Release|x64
		Release|x86 = Release|x86
	EndGlobalSection
	GlobalSection(ProjectConfigurationPlatforms) = postSolution
		{E73F94E0-FE5D-4691-8C66-CE74065CB574}.Debug|x64.ActiveCfg = Debug|x64
		{E73F94E0-FE5D-4691-8C66-CE74065CB574}.Debug|x64.Build.0 = Debug|x64
		{E73F94E0-FE5D-4691-8C66-CE74065CB574}.Debug|x86.ActiveCfg = Debug|Win32
		{E73F94E0-FE5D-4691-8C66-CE74065CB574}.Debug|x86.Build.0 = Debug|Win32
		{E73F94E0-FE5D-4691-8C66-CE74065CB574}.Release|x64.ActiveCfg = Release|x64
		{E73F94E0-FE5D-4691-8C66-CE74065CB574}.Release|x64.Build.0 = Release|x64
		{E73F94E0-FE5D-4691-8C66-CE74065CB574}.Release|x86.ActiveCfg = Release|Win32
		{E73F94E0-FE5D-4691-8C66-CE74065CB574}.Release|x86.Build.0 = Release|Win32
	EndGlobalSection
	GlobalSection(SolutionProperties) = preSolution
		HideSolutionNode = FALSE
	EndGlobalSection
	GlobalSection(ExtensibilityGlobals) = postSolution
		SolutionGuid = {F90A574F-3E5D-4A98-9872-5095DA0D2DC5}
	EndGlobalSection
EndGlobal
