
Microsoft Visual Studio Solution File, Format Version 12.00
# Visual Studio 15
VisualStudioVersion = 15.0.28307.705
MinimumVisualStudioVersion = 10.0.40219.1
Project("{FAE04EC0-301F-11D3-BF4B-00C04F79EFBC}") = "ApsimHandlerIOM", "ApsimHandlerIOM\ApsimHandlerIOM.csproj", "{D0B3FA87-9D0D-40AE-9A1F-B83D5B8512CE}"
EndProject
Project("{FAE04EC0-301F-11D3-BF4B-00C04F79EFBC}") = "ApsimHandlerApp", "ApsimHandlerApp\ApsimHandlerApp.csproj", "{5DA32374-C1A7-4E14-B045-5D33B4EC6469}"
EndProject
Global
	GlobalSection(SolutionConfigurationPlatforms) = preSolution
		Debug|Any CPU = Debug|Any CPU
		Release|Any CPU = Release|Any CPU
	EndGlobalSection
	GlobalSection(ProjectConfigurationPlatforms) = postSolution
		{D0B3FA87-9D0D-40AE-9A1F-B83D5B8512CE}.Debug|Any CPU.ActiveCfg = Debug|Any CPU
		{D0B3FA87-9D0D-40AE-9A1F-B83D5B8512CE}.Debug|Any CPU.Build.0 = Debug|Any CPU
		{D0B3FA87-9D0D-40AE-9A1F-B83D5B8512CE}.Release|Any CPU.ActiveCfg = Release|Any CPU
		{D0B3FA87-9D0D-40AE-9A1F-B83D5B8512CE}.Release|Any CPU.Build.0 = Release|Any CPU
		{5DA32374-C1A7-4E14-B045-5D33B4EC6469}.Debug|Any CPU.ActiveCfg = Debug|Any CPU
		{5DA32374-C1A7-4E14-B045-5D33B4EC6469}.Debug|Any CPU.Build.0 = Debug|Any CPU
		{5DA32374-C1A7-4E14-B045-5D33B4EC6469}.Release|Any CPU.ActiveCfg = Release|Any CPU
		{5DA32374-C1A7-4E14-B045-5D33B4EC6469}.Release|Any CPU.Build.0 = Release|Any CPU
	EndGlobalSection
	GlobalSection(SolutionProperties) = preSolution
		HideSolutionNode = FALSE
	EndGlobalSection
	GlobalSection(ExtensibilityGlobals) = postSolution
		SolutionGuid = {A709477C-DC9F-45A3-A9D0-AC14B38F3D5C}
	EndGlobalSection
EndGlobal
